
Microsoft Visual Studio Solution File, Format Version 12.00
# Visual Studio Version 17
VisualStudioVersion = 17.10.35013.160
MinimumVisualStudioVersion = 10.0.40219.1
Project("{FAE04EC0-301F-11D3-BF4B-00C04F79EFBC}") = "estacionamiento", "estacionamiento.csproj", "{BE4F21EB-0700-4135-8CE1-10E0FFC5D961}"
EndProject
Global
	GlobalSection(SolutionConfigurationPlatforms) = preSolution
		Debug|Any CPU = Debug|Any CPU
		Release|Any CPU = Release|Any CPU
	EndGlobalSection
	GlobalSection(ProjectConfigurationPlatforms) = postSolution
		{BE4F21EB-0700-4135-8CE1-10E0FFC5D961}.Debug|Any CPU.ActiveCfg = Debug|Any CPU
		{BE4F21EB-0700-4135-8CE1-10E0FFC5D961}.Debug|Any CPU.Build.0 = Debug|Any CPU
		{BE4F21EB-0700-4135-8CE1-10E0FFC5D961}.Release|Any CPU.ActiveCfg = Release|Any CPU
		{BE4F21EB-0700-4135-8CE1-10E0FFC5D961}.Release|Any CPU.Build.0 = Release|Any CPU
	EndGlobalSection
	GlobalSection(SolutionProperties) = preSolution
		HideSolutionNode = FALSE
	EndGlobalSection
	GlobalSection(ExtensibilityGlobals) = postSolution
		SolutionGuid = {DB4B17A9-E7BB-49F8-8F7E-76460E849BD1}
	EndGlobalSection
EndGlobal
